{
  "nodes": {
    "flake-utils": {
      "locked": {
        "lastModified": 1652776076,
        "narHash": "sha256-gzTw/v1vj4dOVbpBSJX4J0DwUR6LIyXo7/SuuTJp1kM=",
        "owner": "numtide",
        "repo": "flake-utils",
        "rev": "04c1b180862888302ddfb2e3ad9eaa63afc60cf8",
        "type": "github"
      },
      "original": {
        "owner": "numtide",
        "ref": "v1.0.0",
        "repo": "flake-utils",
        "type": "github"
      }
    },
    "nixos": {
      "locked": {
        "lastModified": 1686513595,
        "narHash": "sha256-H3JNqj7TEiMx5rd8lRiONvgFZvmf3kmwHI2umDdqgFY=",
        "owner": "NixOS",
        "repo": "nixpkgs",
        "rev": "bb8b5735d6f7e06b9ddd27de115b0600c1ffbdb4",
        "type": "github"
      },
      "original": {
        "owner": "NixOS",
        "ref": "nixos-23.05",
        "repo": "nixpkgs",
        "type": "github"
      }
    },
    "pythoneda-base": {
      "inputs": {
        "flake-utils": [
          "flake-utils"
        ],
        "nixos": [
          "nixos"
        ]
      },
      "locked": {
        "lastModified": 1687444738,
        "narHash": "sha256-oxyPAWP+egkj1sX/KcFggtmrwQDmgd75Yq8VTO2fIh4=",
        "owner": "pythoneda",
        "repo": "base",
        "rev": "7fff528b47b120718a093c726b942f2e8af6db15",
        "type": "github"
      },
      "original": {
        "owner": "pythoneda",
        "ref": "0.0.1a15",
        "repo": "base",
        "type": "github"
      }
    },
    "pythoneda-event-git-python": {
      "inputs": {
        "flake-utils": [
          "flake-utils"
        ],
        "nixos": [
          "nixos"
        ],
        "pythoneda-base": [
          "pythoneda-base"
        ]
      },
      "locked": {
        "lastModified": 1687809278,
        "narHash": "sha256-Yzo2YLGnML1HrVBNGI23rDesDV+Yk/A6LUK6lqnFoeY=",
        "owner": "pythoneda-event",
        "repo": "git-python",
        "rev": "45571410d5a6e752256bf078edcd49a5e7dbc3b1",
        "type": "github"
      },
      "original": {
        "owner": "pythoneda-event",
        "ref": "0.0.1a1",
        "repo": "git-python",
        "type": "github"
      }
    },
    "pythoneda-shared-git": {
      "inputs": {
        "flake-utils": [
          "flake-utils"
        ],
        "nixos": [
          "nixos"
        ],
        "pythoneda-base": [
          "pythoneda-base"
        ]
      },
      "locked": {
        "lastModified": 1687461207,
        "narHash": "sha256-AXKVQFzp8Yby9gAsoDxOp/9l61ewC2CVbxx9UE0Q9KE=",
        "owner": "pythoneda-shared",
        "repo": "git",
        "rev": "6b1aa8c5fc63cf526fb158ee81350c73d799ef53",
        "type": "github"
      },
      "original": {
        "owner": "pythoneda-shared",
        "ref": "0.0.1a1",
        "repo": "git",
        "type": "github"
      }
    },
    "root": {
      "inputs": {
        "flake-utils": "flake-utils",
        "nixos": "nixos",
        "pythoneda-base": "pythoneda-base",
        "pythoneda-event-git-python": "pythoneda-event-git-python",
        "pythoneda-shared-git": "pythoneda-shared-git"
      }
    }
  },
  "root": "root",
  "version": 7
}
